
Microsoft Visual Studio Solution File, Format Version 12.00
# Visual Studio Version 17
VisualStudioVersion = 17.2.32526.322
MinimumVisualStudioVersion = 10.0.40219.1
Project("{9A19103F-16F7-4668-BE54-9A1E7A4F7556}") = "Musse", "Musse\Musse.csproj", "{08A7D389-EE81-4CEA-B5FF-C2E6549DB661}"
	ProjectSection(ProjectDependencies) = postProject
		{3C1A7EC7-A881-4BA1-8C01-107970B471CD} = {3C1A7EC7-A881-4BA1-8C01-107970B471CD}
	EndProjectSection
EndProject
Project("{9A19103F-16F7-4668-BE54-9A1E7A4F7556}") = "MusseCore", "MusseCore\MusseCore.csproj", "{3C1A7EC7-A881-4BA1-8C01-107970B471CD}"
EndProject
Project("{9A19103F-16F7-4668-BE54-9A1E7A4F7556}") = "MusseMovil", "MusseMovil\MusseMovil.csproj", "{F0F3A74C-552E-4155-9B1C-7124D6346F17}"
EndProject
Global
	GlobalSection(SolutionConfigurationPlatforms) = preSolution
		Debug|Any CPU = Debug|Any CPU
		Release|Any CPU = Release|Any CPU
	EndGlobalSection
	GlobalSection(ProjectConfigurationPlatforms) = postSolution
		{08A7D389-EE81-4CEA-B5FF-C2E6549DB661}.Debug|Any CPU.ActiveCfg = Debug|Any CPU
		{08A7D389-EE81-4CEA-B5FF-C2E6549DB661}.Debug|Any CPU.Build.0 = Debug|Any CPU
		{08A7D389-EE81-4CEA-B5FF-C2E6549DB661}.Release|Any CPU.ActiveCfg = Release|Any CPU
		{08A7D389-EE81-4CEA-B5FF-C2E6549DB661}.Release|Any CPU.Build.0 = Release|Any CPU
		{3C1A7EC7-A881-4BA1-8C01-107970B471CD}.Debug|Any CPU.ActiveCfg = Debug|Any CPU
		{3C1A7EC7-A881-4BA1-8C01-107970B471CD}.Debug|Any CPU.Build.0 = Debug|Any CPU
		{3C1A7EC7-A881-4BA1-8C01-107970B471CD}.Release|Any CPU.ActiveCfg = Release|Any CPU
		{3C1A7EC7-A881-4BA1-8C01-107970B471CD}.Release|Any CPU.Build.0 = Release|Any CPU
		{F0F3A74C-552E-4155-9B1C-7124D6346F17}.Debug|Any CPU.ActiveCfg = Debug|Any CPU
		{F0F3A74C-552E-4155-9B1C-7124D6346F17}.Debug|Any CPU.Build.0 = Debug|Any CPU
		{F0F3A74C-552E-4155-9B1C-7124D6346F17}.Debug|Any CPU.Deploy.0 = Debug|Any CPU
		{F0F3A74C-552E-4155-9B1C-7124D6346F17}.Release|Any CPU.ActiveCfg = Release|Any CPU
		{F0F3A74C-552E-4155-9B1C-7124D6346F17}.Release|Any CPU.Build.0 = Release|Any CPU
		{F0F3A74C-552E-4155-9B1C-7124D6346F17}.Release|Any CPU.Deploy.0 = Release|Any CPU
	EndGlobalSection
	GlobalSection(SolutionProperties) = preSolution
		HideSolutionNode = FALSE
	EndGlobalSection
	GlobalSection(ExtensibilityGlobals) = postSolution
		SolutionGuid = {E0A3C161-8260-4AA3-873C-3A2F7821010F}
	EndGlobalSection
EndGlobal
